// !$*UTF8*$!
{
	archiveVersion = 1;
	classes = {
	};
	objectVersion = 55;
	objects = {

/* Begin PBXBuildFile section */
		5076B27527CF629500635747 /* AppDelegate.swift in Sources */ = {isa = PBXBuildFile; fileRef = 5076B27427CF629500635747 /* AppDelegate.swift */; };
		5076B27927CF629500635747 /* WeatherVC.swift in Sources */ = {isa = PBXBuildFile; fileRef = 5076B27827CF629500635747 /* WeatherVC.swift */; };
		5076B27C27CF629500635747 /* Main.storyboard in Resources */ = {isa = PBXBuildFile; fileRef = 5076B27A27CF629500635747 /* Main.storyboard */; };
		5076B27E27CF629800635747 /* Assets.xcassets in Resources */ = {isa = PBXBuildFile; fileRef = 5076B27D27CF629800635747 /* Assets.xcassets */; };
		5076B28127CF629800635747 /* LaunchScreen.storyboard in Resources */ = {isa = PBXBuildFile; fileRef = 5076B27F27CF629800635747 /* LaunchScreen.storyboard */; };
		5076B28C27CF629800635747 /* WeatherTaskTests.swift in Sources */ = {isa = PBXBuildFile; fileRef = 5076B28B27CF629800635747 /* WeatherTaskTests.swift */; };
		5076B29627CF629900635747 /* WeatherTaskUITests.swift in Sources */ = {isa = PBXBuildFile; fileRef = 5076B29527CF629900635747 /* WeatherTaskUITests.swift */; };
		5076B29827CF629900635747 /* WeatherTaskUITestsLaunchTests.swift in Sources */ = {isa = PBXBuildFile; fileRef = 5076B29727CF629900635747 /* WeatherTaskUITestsLaunchTests.swift */; };
		5076B2AE27CF64A400635747 /* Optional.swift in Sources */ = {isa = PBXBuildFile; fileRef = 5076B2AD27CF64A400635747 /* Optional.swift */; };
		5076B2B427CF65B300635747 /* WeatherViewModel.swift in Sources */ = {isa = PBXBuildFile; fileRef = 5076B2B327CF65B300635747 /* WeatherViewModel.swift */; };
		5076B2B727CF660000635747 /* BaseVC.swift in Sources */ = {isa = PBXBuildFile; fileRef = 5076B2B627CF660000635747 /* BaseVC.swift */; };
		5076B2BD27CF66DC00635747 /* ForecastCell.swift in Sources */ = {isa = PBXBuildFile; fileRef = 5076B2BB27CF66DC00635747 /* ForecastCell.swift */; };
		5076B2BE27CF66DC00635747 /* ForecastCell.xib in Resources */ = {isa = PBXBuildFile; fileRef = 5076B2BC27CF66DC00635747 /* ForecastCell.xib */; };
		5076B2C127CF678800635747 /* UITableView.swift in Sources */ = {isa = PBXBuildFile; fileRef = 5076B2C027CF678800635747 /* UITableView.swift */; };
		5076B2C427CF67BC00635747 /* ReusableIdentifier.swift in Sources */ = {isa = PBXBuildFile; fileRef = 5076B2C327CF67BC00635747 /* ReusableIdentifier.swift */; };
		50A6AD3027D37E9900CC7B20 /* ForecastRequestable.swift in Sources */ = {isa = PBXBuildFile; fileRef = 50A6AD2F27D37E9900CC7B20 /* ForecastRequestable.swift */; };
		50A6AD3227D39BB300CC7B20 /* Forecast.swift in Sources */ = {isa = PBXBuildFile; fileRef = 50A6AD3127D39BB300CC7B20 /* Forecast.swift */; };
		50A6AD3627D3AC3100CC7B20 /* TemperatureConvertable.swift in Sources */ = {isa = PBXBuildFile; fileRef = 50A6AD3527D3AC3100CC7B20 /* TemperatureConvertable.swift */; };
		50A6AD3827D3CB7900CC7B20 /* ErrorHandler.swift in Sources */ = {isa = PBXBuildFile; fileRef = 50A6AD3727D3CB7900CC7B20 /* ErrorHandler.swift */; };
		50FBDA9A27CF7512008ABADD /* API.swift in Sources */ = {isa = PBXBuildFile; fileRef = 50FBDA9927CF7512008ABADD /* API.swift */; };
		50FBDA9D27CF7626008ABADD /* APIClient.swift in Sources */ = {isa = PBXBuildFile; fileRef = 50FBDA9C27CF7626008ABADD /* APIClient.swift */; };
		50FBDAA027CF7652008ABADD /* BaseNetwork.swift in Sources */ = {isa = PBXBuildFile; fileRef = 50FBDA9F27CF7652008ABADD /* BaseNetwork.swift */; };
		50FBDAA327CF767F008ABADD /* SharedLogger.swift in Sources */ = {isa = PBXBuildFile; fileRef = 50FBDAA227CF767F008ABADD /* SharedLogger.swift */; };
		50FBDAA627CF76D7008ABADD /* DefaultError.swift in Sources */ = {isa = PBXBuildFile; fileRef = 50FBDAA527CF76D7008ABADD /* DefaultError.swift */; };
		50FBDAA827CF76FD008ABADD /* JSONEncoder.swift in Sources */ = {isa = PBXBuildFile; fileRef = 50FBDAA727CF76FD008ABADD /* JSONEncoder.swift */; };
		50FBDAE627CFBF6E008ABADD /* Constants.swift in Sources */ = {isa = PBXBuildFile; fileRef = 50FBDAE527CFBF6E008ABADD /* Constants.swift */; };
		50FBDAE927CFEF25008ABADD /* WeatherRequestable.swift in Sources */ = {isa = PBXBuildFile; fileRef = 50FBDAE827CFEF25008ABADD /* WeatherRequestable.swift */; };
		50FBDAEC27D0A26E008ABADD /* Weather.swift in Sources */ = {isa = PBXBuildFile; fileRef = 50FBDAEB27D0A26E008ABADD /* Weather.swift */; };
		50FBDAEE27D0AA96008ABADD /* UIViewController.swift in Sources */ = {isa = PBXBuildFile; fileRef = 50FBDAED27D0AA96008ABADD /* UIViewController.swift */; };
		50FBDAF027D0ABE9008ABADD /* ImageProvider.swift in Sources */ = {isa = PBXBuildFile; fileRef = 50FBDAEF27D0ABE9008ABADD /* ImageProvider.swift */; };
		50FBDAF227D0AD6C008ABADD /* UIAlertController.swift in Sources */ = {isa = PBXBuildFile; fileRef = 50FBDAF127D0AD6C008ABADD /* UIAlertController.swift */; };
		50FBDAF527D0C6C8008ABADD /* Date.swift in Sources */ = {isa = PBXBuildFile; fileRef = 50FBDAF427D0C6C8008ABADD /* Date.swift */; };
		50FBDAF727D0C6F5008ABADD /* Formatter.swift in Sources */ = {isa = PBXBuildFile; fileRef = 50FBDAF627D0C6F5008ABADD /* Formatter.swift */; };
		721CC422D34ACF10DFC3171D /* Pods_WeatherTaskTests.framework in Frameworks */ = {isa = PBXBuildFile; fileRef = 5EDFC0CB2B74AABA0127A364 /* Pods_WeatherTaskTests.framework */; };
		9AC324B9EB2DA4F74EF039D0 /* Pods_WeatherTask_WeatherTaskUITests.framework in Frameworks */ = {isa = PBXBuildFile; fileRef = 700826D653845349DC656B28 /* Pods_WeatherTask_WeatherTaskUITests.framework */; };
		CEFDEFF18FD8C227E908EACF /* Pods_WeatherTask.framework in Frameworks */ = {isa = PBXBuildFile; fileRef = 592A7336A5881022DBA02D11 /* Pods_WeatherTask.framework */; };
/* End PBXBuildFile section */

/* Begin PBXContainerItemProxy section */
		5076B28827CF629800635747 /* PBXContainerItemProxy */ = {
			isa = PBXContainerItemProxy;
			containerPortal = 5076B26927CF629500635747 /* Project object */;
			proxyType = 1;
			remoteGlobalIDString = 5076B27027CF629500635747;
			remoteInfo = WeatherTask;
		};
		5076B29227CF629900635747 /* PBXContainerItemProxy */ = {
			isa = PBXContainerItemProxy;
			containerPortal = 5076B26927CF629500635747 /* Project object */;
			proxyType = 1;
			remoteGlobalIDString = 5076B27027CF629500635747;
			remoteInfo = WeatherTask;
		};
/* End PBXContainerItemProxy section */

/* Begin PBXFileReference section */
		0700D927E1E8976FC26D7754 /* Pods-WeatherTask.debug.xcconfig */ = {isa = PBXFileReference; includeInIndex = 1; lastKnownFileType = text.xcconfig; name = "Pods-WeatherTask.debug.xcconfig"; path = "Target Support Files/Pods-WeatherTask/Pods-WeatherTask.debug.xcconfig"; sourceTree = "<group>"; };
		24C4D9BD944EA364EDDAA3CE /* Pods-WeatherTask.release.xcconfig */ = {isa = PBXFileReference; includeInIndex = 1; lastKnownFileType = text.xcconfig; name = "Pods-WeatherTask.release.xcconfig"; path = "Target Support Files/Pods-WeatherTask/Pods-WeatherTask.release.xcconfig"; sourceTree = "<group>"; };
		32A0F225BA7F6405D09B3537 /* Pods-WeatherTaskTests.release.xcconfig */ = {isa = PBXFileReference; includeInIndex = 1; lastKnownFileType = text.xcconfig; name = "Pods-WeatherTaskTests.release.xcconfig"; path = "Target Support Files/Pods-WeatherTaskTests/Pods-WeatherTaskTests.release.xcconfig"; sourceTree = "<group>"; };
		5076B27127CF629500635747 /* WeatherTask.app */ = {isa = PBXFileReference; explicitFileType = wrapper.application; includeInIndex = 0; path = WeatherTask.app; sourceTree = BUILT_PRODUCTS_DIR; };
		5076B27427CF629500635747 /* AppDelegate.swift */ = {isa = PBXFileReference; lastKnownFileType = sourcecode.swift; path = AppDelegate.swift; sourceTree = "<group>"; };
		5076B27827CF629500635747 /* WeatherVC.swift */ = {isa = PBXFileReference; lastKnownFileType = sourcecode.swift; path = WeatherVC.swift; sourceTree = "<group>"; };
		5076B27B27CF629500635747 /* Base */ = {isa = PBXFileReference; lastKnownFileType = file.storyboard; name = Base; path = Base.lproj/Main.storyboard; sourceTree = "<group>"; };
		5076B27D27CF629800635747 /* Assets.xcassets */ = {isa = PBXFileReference; lastKnownFileType = folder.assetcatalog; path = Assets.xcassets; sourceTree = "<group>"; };
		5076B28027CF629800635747 /* Base */ = {isa = PBXFileReference; lastKnownFileType = file.storyboard; name = Base; path = Base.lproj/LaunchScreen.storyboard; sourceTree = "<group>"; };
		5076B28227CF629800635747 /* Info.plist */ = {isa = PBXFileReference; lastKnownFileType = text.plist.xml; path = Info.plist; sourceTree = "<group>"; };
		5076B28727CF629800635747 /* WeatherTaskTests.xctest */ = {isa = PBXFileReference; explicitFileType = wrapper.cfbundle; includeInIndex = 0; path = WeatherTaskTests.xctest; sourceTree = BUILT_PRODUCTS_DIR; };
		5076B28B27CF629800635747 /* WeatherTaskTests.swift */ = {isa = PBXFileReference; lastKnownFileType = sourcecode.swift; path = WeatherTaskTests.swift; sourceTree = "<group>"; };
		5076B29127CF629900635747 /* WeatherTaskUITests.xctest */ = {isa = PBXFileReference; explicitFileType = wrapper.cfbundle; includeInIndex = 0; path = WeatherTaskUITests.xctest; sourceTree = BUILT_PRODUCTS_DIR; };
		5076B29527CF629900635747 /* WeatherTaskUITests.swift */ = {isa = PBXFileReference; lastKnownFileType = sourcecode.swift; path = WeatherTaskUITests.swift; sourceTree = "<group>"; };
		5076B29727CF629900635747 /* WeatherTaskUITestsLaunchTests.swift */ = {isa = PBXFileReference; lastKnownFileType = sourcecode.swift; path = WeatherTaskUITestsLaunchTests.swift; sourceTree = "<group>"; };
		5076B2AD27CF64A400635747 /* Optional.swift */ = {isa = PBXFileReference; lastKnownFileType = sourcecode.swift; path = Optional.swift; sourceTree = "<group>"; };
		5076B2B327CF65B300635747 /* WeatherViewModel.swift */ = {isa = PBXFileReference; lastKnownFileType = sourcecode.swift; path = WeatherViewModel.swift; sourceTree = "<group>"; };
		5076B2B627CF660000635747 /* BaseVC.swift */ = {isa = PBXFileReference; lastKnownFileType = sourcecode.swift; path = BaseVC.swift; sourceTree = "<group>"; };
		5076B2BB27CF66DC00635747 /* ForecastCell.swift */ = {isa = PBXFileReference; lastKnownFileType = sourcecode.swift; path = ForecastCell.swift; sourceTree = "<group>"; };
		5076B2BC27CF66DC00635747 /* ForecastCell.xib */ = {isa = PBXFileReference; lastKnownFileType = file.xib; path = ForecastCell.xib; sourceTree = "<group>"; };
		5076B2C027CF678800635747 /* UITableView.swift */ = {isa = PBXFileReference; lastKnownFileType = sourcecode.swift; path = UITableView.swift; sourceTree = "<group>"; };
		5076B2C327CF67BC00635747 /* ReusableIdentifier.swift */ = {isa = PBXFileReference; lastKnownFileType = sourcecode.swift; path = ReusableIdentifier.swift; sourceTree = "<group>"; };
		50A6AD2F27D37E9900CC7B20 /* ForecastRequestable.swift */ = {isa = PBXFileReference; lastKnownFileType = sourcecode.swift; path = ForecastRequestable.swift; sourceTree = "<group>"; };
		50A6AD3127D39BB300CC7B20 /* Forecast.swift */ = {isa = PBXFileReference; lastKnownFileType = sourcecode.swift; path = Forecast.swift; sourceTree = "<group>"; };
		50A6AD3527D3AC3100CC7B20 /* TemperatureConvertable.swift */ = {isa = PBXFileReference; lastKnownFileType = sourcecode.swift; path = TemperatureConvertable.swift; sourceTree = "<group>"; };
		50A6AD3727D3CB7900CC7B20 /* ErrorHandler.swift */ = {isa = PBXFileReference; lastKnownFileType = sourcecode.swift; path = ErrorHandler.swift; sourceTree = "<group>"; };
		50FBDA9927CF7512008ABADD /* API.swift */ = {isa = PBXFileReference; lastKnownFileType = sourcecode.swift; path = API.swift; sourceTree = "<group>"; };
		50FBDA9C27CF7626008ABADD /* APIClient.swift */ = {isa = PBXFileReference; lastKnownFileType = sourcecode.swift; path = APIClient.swift; sourceTree = "<group>"; };
		50FBDA9F27CF7652008ABADD /* BaseNetwork.swift */ = {isa = PBXFileReference; lastKnownFileType = sourcecode.swift; path = BaseNetwork.swift; sourceTree = "<group>"; };
		50FBDAA227CF767F008ABADD /* SharedLogger.swift */ = {isa = PBXFileReference; lastKnownFileType = sourcecode.swift; path = SharedLogger.swift; sourceTree = "<group>"; };
		50FBDAA527CF76D7008ABADD /* DefaultError.swift */ = {isa = PBXFileReference; lastKnownFileType = sourcecode.swift; path = DefaultError.swift; sourceTree = "<group>"; };
		50FBDAA727CF76FD008ABADD /* JSONEncoder.swift */ = {isa = PBXFileReference; lastKnownFileType = sourcecode.swift; path = JSONEncoder.swift; sourceTree = "<group>"; };
		50FBDAE527CFBF6E008ABADD /* Constants.swift */ = {isa = PBXFileReference; lastKnownFileType = sourcecode.swift; path = Constants.swift; sourceTree = "<group>"; };
		50FBDAE827CFEF25008ABADD /* WeatherRequestable.swift */ = {isa = PBXFileReference; lastKnownFileType = sourcecode.swift; path = WeatherRequestable.swift; sourceTree = "<group>"; };
		50FBDAEB27D0A26E008ABADD /* Weather.swift */ = {isa = PBXFileReference; lastKnownFileType = sourcecode.swift; path = Weather.swift; sourceTree = "<group>"; };
		50FBDAED27D0AA96008ABADD /* UIViewController.swift */ = {isa = PBXFileReference; lastKnownFileType = sourcecode.swift; path = UIViewController.swift; sourceTree = "<group>"; };
		50FBDAEF27D0ABE9008ABADD /* ImageProvider.swift */ = {isa = PBXFileReference; lastKnownFileType = sourcecode.swift; path = ImageProvider.swift; sourceTree = "<group>"; };
		50FBDAF127D0AD6C008ABADD /* UIAlertController.swift */ = {isa = PBXFileReference; lastKnownFileType = sourcecode.swift; path = UIAlertController.swift; sourceTree = "<group>"; };
		50FBDAF427D0C6C8008ABADD /* Date.swift */ = {isa = PBXFileReference; lastKnownFileType = sourcecode.swift; path = Date.swift; sourceTree = "<group>"; };
		50FBDAF627D0C6F5008ABADD /* Formatter.swift */ = {isa = PBXFileReference; lastKnownFileType = sourcecode.swift; path = Formatter.swift; sourceTree = "<group>"; };
		590835906A7596838B530211 /* Pods-WeatherTask-WeatherTaskUITests.release.xcconfig */ = {isa = PBXFileReference; includeInIndex = 1; lastKnownFileType = text.xcconfig; name = "Pods-WeatherTask-WeatherTaskUITests.release.xcconfig"; path = "Target Support Files/Pods-WeatherTask-WeatherTaskUITests/Pods-WeatherTask-WeatherTaskUITests.release.xcconfig"; sourceTree = "<group>"; };
		592A7336A5881022DBA02D11 /* Pods_WeatherTask.framework */ = {isa = PBXFileReference; explicitFileType = wrapper.framework; includeInIndex = 0; path = Pods_WeatherTask.framework; sourceTree = BUILT_PRODUCTS_DIR; };
		5EDFC0CB2B74AABA0127A364 /* Pods_WeatherTaskTests.framework */ = {isa = PBXFileReference; explicitFileType = wrapper.framework; includeInIndex = 0; path = Pods_WeatherTaskTests.framework; sourceTree = BUILT_PRODUCTS_DIR; };
		700826D653845349DC656B28 /* Pods_WeatherTask_WeatherTaskUITests.framework */ = {isa = PBXFileReference; explicitFileType = wrapper.framework; includeInIndex = 0; path = Pods_WeatherTask_WeatherTaskUITests.framework; sourceTree = BUILT_PRODUCTS_DIR; };
		C6E21253F33638BDCDBD5FD5 /* Pods-WeatherTask-WeatherTaskUITests.debug.xcconfig */ = {isa = PBXFileReference; includeInIndex = 1; lastKnownFileType = text.xcconfig; name = "Pods-WeatherTask-WeatherTaskUITests.debug.xcconfig"; path = "Target Support Files/Pods-WeatherTask-WeatherTaskUITests/Pods-WeatherTask-WeatherTaskUITests.debug.xcconfig"; sourceTree = "<group>"; };
		E1B70BFFFEDF7212D5794634 /* Pods-WeatherTaskTests.debug.xcconfig */ = {isa = PBXFileReference; includeInIndex = 1; lastKnownFileType = text.xcconfig; name = "Pods-WeatherTaskTests.debug.xcconfig"; path = "Target Support Files/Pods-WeatherTaskTests/Pods-WeatherTaskTests.debug.xcconfig"; sourceTree = "<group>"; };
/* End PBXFileReference section */

/* Begin PBXFrameworksBuildPhase section */
		5076B26E27CF629500635747 /* Frameworks */ = {
			isa = PBXFrameworksBuildPhase;
			buildActionMask = 2147483647;
			files = (
				CEFDEFF18FD8C227E908EACF /* Pods_WeatherTask.framework in Frameworks */,
			);
			runOnlyForDeploymentPostprocessing = 0;
		};
		5076B28427CF629800635747 /* Frameworks */ = {
			isa = PBXFrameworksBuildPhase;
			buildActionMask = 2147483647;
			files = (
				721CC422D34ACF10DFC3171D /* Pods_WeatherTaskTests.framework in Frameworks */,
			);
			runOnlyForDeploymentPostprocessing = 0;
		};
		5076B28E27CF629900635747 /* Frameworks */ = {
			isa = PBXFrameworksBuildPhase;
			buildActionMask = 2147483647;
			files = (
				9AC324B9EB2DA4F74EF039D0 /* Pods_WeatherTask_WeatherTaskUITests.framework in Frameworks */,
			);
			runOnlyForDeploymentPostprocessing = 0;
		};
/* End PBXFrameworksBuildPhase section */

/* Begin PBXGroup section */
		246F7B580A6EECC23AD21310 /* Frameworks */ = {
			isa = PBXGroup;
			children = (
				592A7336A5881022DBA02D11 /* Pods_WeatherTask.framework */,
				700826D653845349DC656B28 /* Pods_WeatherTask_WeatherTaskUITests.framework */,
				5EDFC0CB2B74AABA0127A364 /* Pods_WeatherTaskTests.framework */,
			);
			name = Frameworks;
			sourceTree = "<group>";
		};
		5076B26827CF629500635747 = {
			isa = PBXGroup;
			children = (
				5076B27327CF629500635747 /* WeatherTask */,
				5076B28A27CF629800635747 /* WeatherTaskTests */,
				5076B29427CF629900635747 /* WeatherTaskUITests */,
				5076B27227CF629500635747 /* Products */,
				7E05AA301B59174D6772B0FA /* Pods */,
				246F7B580A6EECC23AD21310 /* Frameworks */,
			);
			sourceTree = "<group>";
		};
		5076B27227CF629500635747 /* Products */ = {
			isa = PBXGroup;
			children = (
				5076B27127CF629500635747 /* WeatherTask.app */,
				5076B28727CF629800635747 /* WeatherTaskTests.xctest */,
				5076B29127CF629900635747 /* WeatherTaskUITests.xctest */,
			);
			name = Products;
			sourceTree = "<group>";
		};
		5076B27327CF629500635747 /* WeatherTask */ = {
			isa = PBXGroup;
			children = (
				50FBDA9827CF7504008ABADD /* Networking */,
				5076B2A727CF642700635747 /* AppDelegate */,
				5076B2C227CF67A300635747 /* Protocols */,
				50FBDAA127CF7673008ABADD /* Shared */,
				5076B2A827CF645700635747 /* Extensions */,
				5076B2B127CF658F00635747 /* ViewModel */,
				5076B2A427CF63D700635747 /* Views */,
				50FBDAEA27D0A25F008ABADD /* Model */,
				5076B2A627CF63F200635747 /* Controllers */,
				5076B27D27CF629800635747 /* Assets.xcassets */,
				5076B27F27CF629800635747 /* LaunchScreen.storyboard */,
				5076B28227CF629800635747 /* Info.plist */,
			);
			path = WeatherTask;
			sourceTree = "<group>";
		};
		5076B28A27CF629800635747 /* WeatherTaskTests */ = {
			isa = PBXGroup;
			children = (
				5076B28B27CF629800635747 /* WeatherTaskTests.swift */,
			);
			path = WeatherTaskTests;
			sourceTree = "<group>";
		};
		5076B29427CF629900635747 /* WeatherTaskUITests */ = {
			isa = PBXGroup;
			children = (
				5076B29527CF629900635747 /* WeatherTaskUITests.swift */,
				5076B29727CF629900635747 /* WeatherTaskUITestsLaunchTests.swift */,
			);
			path = WeatherTaskUITests;
			sourceTree = "<group>";
		};
		5076B2A427CF63D700635747 /* Views */ = {
			isa = PBXGroup;
			children = (
				5076B2B827CF66AB00635747 /* UIView */,
				5076B2A527CF63E300635747 /* UIStoryboard */,
			);
			path = Views;
			sourceTree = "<group>";
		};
		5076B2A527CF63E300635747 /* UIStoryboard */ = {
			isa = PBXGroup;
			children = (
				5076B27A27CF629500635747 /* Main.storyboard */,
			);
			path = UIStoryboard;
			sourceTree = "<group>";
		};
		5076B2A627CF63F200635747 /* Controllers */ = {
			isa = PBXGroup;
			children = (
				5076B2B527CF65E000635747 /* Base */,
				5076B27827CF629500635747 /* WeatherVC.swift */,
			);
			path = Controllers;
			sourceTree = "<group>";
		};
		5076B2A727CF642700635747 /* AppDelegate */ = {
			isa = PBXGroup;
			children = (
				5076B27427CF629500635747 /* AppDelegate.swift */,
			);
			path = AppDelegate;
			sourceTree = "<group>";
		};
		5076B2A827CF645700635747 /* Extensions */ = {
			isa = PBXGroup;
			children = (
				50FBDAF327D0C6BF008ABADD /* Foundation */,
				5076B2AC27CF649400635747 /* Swift */,
				5076B2A927CF646700635747 /* UIKit */,
			);
			path = Extensions;
			sourceTree = "<group>";
		};
		5076B2A927CF646700635747 /* UIKit */ = {
			isa = PBXGroup;
			children = (
				5076B2C027CF678800635747 /* UITableView.swift */,
				50FBDAED27D0AA96008ABADD /* UIViewController.swift */,
				50FBDAF127D0AD6C008ABADD /* UIAlertController.swift */,
			);
			path = UIKit;
			sourceTree = "<group>";
		};
		5076B2AC27CF649400635747 /* Swift */ = {
			isa = PBXGroup;
			children = (
				5076B2AD27CF64A400635747 /* Optional.swift */,
			);
			path = Swift;
			sourceTree = "<group>";
		};
		5076B2B127CF658F00635747 /* ViewModel */ = {
			isa = PBXGroup;
			children = (
				5076B2B227CF65A500635747 /* Weather */,
			);
			path = ViewModel;
			sourceTree = "<group>";
		};
		5076B2B227CF65A500635747 /* Weather */ = {
			isa = PBXGroup;
			children = (
				5076B2B327CF65B300635747 /* WeatherViewModel.swift */,
			);
			path = Weather;
			sourceTree = "<group>";
		};
		5076B2B527CF65E000635747 /* Base */ = {
			isa = PBXGroup;
			children = (
				5076B2B627CF660000635747 /* BaseVC.swift */,
			);
			path = Base;
			sourceTree = "<group>";
		};
		5076B2B827CF66AB00635747 /* UIView */ = {
			isa = PBXGroup;
			children = (
				5076B2B927CF66AF00635747 /* UITableViewCell */,
			);
			path = UIView;
			sourceTree = "<group>";
		};
		5076B2B927CF66AF00635747 /* UITableViewCell */ = {
			isa = PBXGroup;
			children = (
				5076B2BA27CF66C200635747 /* ForecastCell */,
			);
			path = UITableViewCell;
			sourceTree = "<group>";
		};
		5076B2BA27CF66C200635747 /* ForecastCell */ = {
			isa = PBXGroup;
			children = (
				5076B2BB27CF66DC00635747 /* ForecastCell.swift */,
				5076B2BC27CF66DC00635747 /* ForecastCell.xib */,
			);
			path = ForecastCell;
			sourceTree = "<group>";
		};
		5076B2C227CF67A300635747 /* Protocols */ = {
			isa = PBXGroup;
			children = (
				5076B2C327CF67BC00635747 /* ReusableIdentifier.swift */,
				50A6AD3527D3AC3100CC7B20 /* TemperatureConvertable.swift */,
			);
			path = Protocols;
			sourceTree = "<group>";
		};
		50FBDA9827CF7504008ABADD /* Networking */ = {
			isa = PBXGroup;
			children = (
				50FBDA9927CF7512008ABADD /* API.swift */,
				50FBDA9B27CF7616008ABADD /* Base */,
				50FBDAE727CFEED7008ABADD /* Request */,
			);
			path = Networking;
			sourceTree = "<group>";
		};
		50FBDA9B27CF7616008ABADD /* Base */ = {
			isa = PBXGroup;
			children = (
				50FBDA9C27CF7626008ABADD /* APIClient.swift */,
				50FBDA9F27CF7652008ABADD /* BaseNetwork.swift */,
				50FBDAA527CF76D7008ABADD /* DefaultError.swift */,
				50FBDAA727CF76FD008ABADD /* JSONEncoder.swift */,
			);
			path = Base;
			sourceTree = "<group>";
		};
		50FBDAA127CF7673008ABADD /* Shared */ = {
			isa = PBXGroup;
			children = (
				50FBDAA227CF767F008ABADD /* SharedLogger.swift */,
				50FBDAE527CFBF6E008ABADD /* Constants.swift */,
				50FBDAEF27D0ABE9008ABADD /* ImageProvider.swift */,
			);
			path = Shared;
			sourceTree = "<group>";
		};
		50FBDAE727CFEED7008ABADD /* Request */ = {
			isa = PBXGroup;
			children = (
				50FBDAE827CFEF25008ABADD /* WeatherRequestable.swift */,
				50A6AD2F27D37E9900CC7B20 /* ForecastRequestable.swift */,
			);
			path = Request;
			sourceTree = "<group>";
		};
		50FBDAEA27D0A25F008ABADD /* Model */ = {
			isa = PBXGroup;
			children = (
				50FBDAEB27D0A26E008ABADD /* Weather.swift */,
				50A6AD3127D39BB300CC7B20 /* Forecast.swift */,
				50A6AD3727D3CB7900CC7B20 /* ErrorHandler.swift */,
			);
			path = Model;
			sourceTree = "<group>";
		};
		50FBDAF327D0C6BF008ABADD /* Foundation */ = {
			isa = PBXGroup;
			children = (
				50FBDAF427D0C6C8008ABADD /* Date.swift */,
				50FBDAF627D0C6F5008ABADD /* Formatter.swift */,
			);
			path = Foundation;
			sourceTree = "<group>";
		};
		7E05AA301B59174D6772B0FA /* Pods */ = {
			isa = PBXGroup;
			children = (
				0700D927E1E8976FC26D7754 /* Pods-WeatherTask.debug.xcconfig */,
				24C4D9BD944EA364EDDAA3CE /* Pods-WeatherTask.release.xcconfig */,
				C6E21253F33638BDCDBD5FD5 /* Pods-WeatherTask-WeatherTaskUITests.debug.xcconfig */,
				590835906A7596838B530211 /* Pods-WeatherTask-WeatherTaskUITests.release.xcconfig */,
				E1B70BFFFEDF7212D5794634 /* Pods-WeatherTaskTests.debug.xcconfig */,
				32A0F225BA7F6405D09B3537 /* Pods-WeatherTaskTests.release.xcconfig */,
			);
			path = Pods;
			sourceTree = "<group>";
		};
/* End PBXGroup section */

/* Begin PBXNativeTarget section */
		5076B27027CF629500635747 /* WeatherTask */ = {
			isa = PBXNativeTarget;
			buildConfigurationList = 5076B29B27CF629900635747 /* Build configuration list for PBXNativeTarget "WeatherTask" */;
			buildPhases = (
				8D0CE26C6BB6C7462AF3C743 /* [CP] Check Pods Manifest.lock */,
				5076B26D27CF629500635747 /* Sources */,
				5076B26E27CF629500635747 /* Frameworks */,
				5076B26F27CF629500635747 /* Resources */,
				E0017D8EEE46097B72D55D62 /* [CP] Embed Pods Frameworks */,
			);
			buildRules = (
			);
			dependencies = (
			);
			name = WeatherTask;
			productName = WeatherTask;
			productReference = 5076B27127CF629500635747 /* WeatherTask.app */;
			productType = "com.apple.product-type.application";
		};
		5076B28627CF629800635747 /* WeatherTaskTests */ = {
			isa = PBXNativeTarget;
			buildConfigurationList = 5076B29E27CF629900635747 /* Build configuration list for PBXNativeTarget "WeatherTaskTests" */;
			buildPhases = (
				8DFFBA0B102C58E40478B71E /* [CP] Check Pods Manifest.lock */,
				5076B28327CF629800635747 /* Sources */,
				5076B28427CF629800635747 /* Frameworks */,
				5076B28527CF629800635747 /* Resources */,
			);
			buildRules = (
			);
			dependencies = (
				5076B28927CF629800635747 /* PBXTargetDependency */,
			);
			name = WeatherTaskTests;
			productName = WeatherTaskTests;
			productReference = 5076B28727CF629800635747 /* WeatherTaskTests.xctest */;
			productType = "com.apple.product-type.bundle.unit-test";
		};
		5076B29027CF629900635747 /* WeatherTaskUITests */ = {
			isa = PBXNativeTarget;
			buildConfigurationList = 5076B2A127CF629900635747 /* Build configuration list for PBXNativeTarget "WeatherTaskUITests" */;
			buildPhases = (
				9AF318EE99EF1F8BBDCE9D13 /* [CP] Check Pods Manifest.lock */,
				5076B28D27CF629900635747 /* Sources */,
				5076B28E27CF629900635747 /* Frameworks */,
				5076B28F27CF629900635747 /* Resources */,
				5A582A770942268C6C4CBAFD /* [CP] Embed Pods Frameworks */,
			);
			buildRules = (
			);
			dependencies = (
				5076B29327CF629900635747 /* PBXTargetDependency */,
			);
			name = WeatherTaskUITests;
			productName = WeatherTaskUITests;
			productReference = 5076B29127CF629900635747 /* WeatherTaskUITests.xctest */;
			productType = "com.apple.product-type.bundle.ui-testing";
		};
/* End PBXNativeTarget section */

/* Begin PBXProject section */
		5076B26927CF629500635747 /* Project object */ = {
			isa = PBXProject;
			attributes = {
				BuildIndependentTargetsInParallel = 1;
				LastSwiftUpdateCheck = 1310;
				LastUpgradeCheck = 1310;
				TargetAttributes = {
					5076B27027CF629500635747 = {
						CreatedOnToolsVersion = 13.1;
					};
					5076B28627CF629800635747 = {
						CreatedOnToolsVersion = 13.1;
						TestTargetID = 5076B27027CF629500635747;
					};
					5076B29027CF629900635747 = {
						CreatedOnToolsVersion = 13.1;
						TestTargetID = 5076B27027CF629500635747;
					};
				};
			};
			buildConfigurationList = 5076B26C27CF629500635747 /* Build configuration list for PBXProject "WeatherTask" */;
			compatibilityVersion = "Xcode 13.0";
			developmentRegion = en;
			hasScannedForEncodings = 0;
			knownRegions = (
				en,
				Base,
			);
			mainGroup = 5076B26827CF629500635747;
			productRefGroup = 5076B27227CF629500635747 /* Products */;
			projectDirPath = "";
			projectRoot = "";
			targets = (
				5076B27027CF629500635747 /* WeatherTask */,
				5076B28627CF629800635747 /* WeatherTaskTests */,
				5076B29027CF629900635747 /* WeatherTaskUITests */,
			);
		};
/* End PBXProject section */

/* Begin PBXResourcesBuildPhase section */
		5076B26F27CF629500635747 /* Resources */ = {
			isa = PBXResourcesBuildPhase;
			buildActionMask = 2147483647;
			files = (
				5076B28127CF629800635747 /* LaunchScreen.storyboard in Resources */,
				5076B27E27CF629800635747 /* Assets.xcassets in Resources */,
				5076B27C27CF629500635747 /* Main.storyboard in Resources */,
				5076B2BE27CF66DC00635747 /* ForecastCell.xib in Resources */,
			);
			runOnlyForDeploymentPostprocessing = 0;
		};
		5076B28527CF629800635747 /* Resources */ = {
			isa = PBXResourcesBuildPhase;
			buildActionMask = 2147483647;
			files = (
			);
			runOnlyForDeploymentPostprocessing = 0;
		};
		5076B28F27CF629900635747 /* Resources */ = {
			isa = PBXResourcesBuildPhase;
			buildActionMask = 2147483647;
			files = (
			);
			runOnlyForDeploymentPostprocessing = 0;
		};
/* End PBXResourcesBuildPhase section */

/* Begin PBXShellScriptBuildPhase section */
		5A582A770942268C6C4CBAFD /* [CP] Embed Pods Frameworks */ = {
			isa = PBXShellScriptBuildPhase;
			buildActionMask = 2147483647;
			files = (
			);
			inputFileListPaths = (
				"${PODS_ROOT}/Target Support Files/Pods-WeatherTask-WeatherTaskUITests/Pods-WeatherTask-WeatherTaskUITests-frameworks-${CONFIGURATION}-input-files.xcfilelist",
			);
			name = "[CP] Embed Pods Frameworks";
			outputFileListPaths = (
				"${PODS_ROOT}/Target Support Files/Pods-WeatherTask-WeatherTaskUITests/Pods-WeatherTask-WeatherTaskUITests-frameworks-${CONFIGURATION}-output-files.xcfilelist",
			);
			runOnlyForDeploymentPostprocessing = 0;
			shellPath = /bin/sh;
			shellScript = "\"${PODS_ROOT}/Target Support Files/Pods-WeatherTask-WeatherTaskUITests/Pods-WeatherTask-WeatherTaskUITests-frameworks.sh\"\n";
			showEnvVarsInLog = 0;
		};
		8D0CE26C6BB6C7462AF3C743 /* [CP] Check Pods Manifest.lock */ = {
			isa = PBXShellScriptBuildPhase;
			buildActionMask = 2147483647;
			files = (
			);
			inputFileListPaths = (
			);
			inputPaths = (
				"${PODS_PODFILE_DIR_PATH}/Podfile.lock",
				"${PODS_ROOT}/Manifest.lock",
			);
			name = "[CP] Check Pods Manifest.lock";
			outputFileListPaths = (
			);
			outputPaths = (
				"$(DERIVED_FILE_DIR)/Pods-WeatherTask-checkManifestLockResult.txt",
			);
			runOnlyForDeploymentPostprocessing = 0;
			shellPath = /bin/sh;
			shellScript = "diff \"${PODS_PODFILE_DIR_PATH}/Podfile.lock\" \"${PODS_ROOT}/Manifest.lock\" > /dev/null\nif [ $? != 0 ] ; then\n    # print error to STDERR\n    echo \"error: The sandbox is not in sync with the Podfile.lock. Run 'pod install' or update your CocoaPods installation.\" >&2\n    exit 1\nfi\n# This output is used by Xcode 'outputs' to avoid re-running this script phase.\necho \"SUCCESS\" > \"${SCRIPT_OUTPUT_FILE_0}\"\n";
			showEnvVarsInLog = 0;
		};
		8DFFBA0B102C58E40478B71E /* [CP] Check Pods Manifest.lock */ = {
			isa = PBXShellScriptBuildPhase;
			buildActionMask = 2147483647;
			files = (
			);
			inputFileListPaths = (
			);
			inputPaths = (
				"${PODS_PODFILE_DIR_PATH}/Podfile.lock",
				"${PODS_ROOT}/Manifest.lock",
			);
			name = "[CP] Check Pods Manifest.lock";
			outputFileListPaths = (
			);
			outputPaths = (
				"$(DERIVED_FILE_DIR)/Pods-WeatherTaskTests-checkManifestLockResult.txt",
			);
			runOnlyForDeploymentPostprocessing = 0;
			shellPath = /bin/sh;
			shellScript = "diff \"${PODS_PODFILE_DIR_PATH}/Podfile.lock\" \"${PODS_ROOT}/Manifest.lock\" > /dev/null\nif [ $? != 0 ] ; then\n    # print error to STDERR\n    echo \"error: The sandbox is not in sync with the Podfile.lock. Run 'pod install' or update your CocoaPods installation.\" >&2\n    exit 1\nfi\n# This output is used by Xcode 'outputs' to avoid re-running this script phase.\necho \"SUCCESS\" > \"${SCRIPT_OUTPUT_FILE_0}\"\n";
			showEnvVarsInLog = 0;
		};
		9AF318EE99EF1F8BBDCE9D13 /* [CP] Check Pods Manifest.lock */ = {
			isa = PBXShellScriptBuildPhase;
			buildActionMask = 2147483647;
			files = (
			);
			inputFileListPaths = (
			);
			inputPaths = (
				"${PODS_PODFILE_DIR_PATH}/Podfile.lock",
				"${PODS_ROOT}/Manifest.lock",
			);
			name = "[CP] Check Pods Manifest.lock";
			outputFileListPaths = (
			);
			outputPaths = (
				"$(DERIVED_FILE_DIR)/Pods-WeatherTask-WeatherTaskUITests-checkManifestLockResult.txt",
			);
			runOnlyForDeploymentPostprocessing = 0;
			shellPath = /bin/sh;
			shellScript = "diff \"${PODS_PODFILE_DIR_PATH}/Podfile.lock\" \"${PODS_ROOT}/Manifest.lock\" > /dev/null\nif [ $? != 0 ] ; then\n    # print error to STDERR\n    echo \"error: The sandbox is not in sync with the Podfile.lock. Run 'pod install' or update your CocoaPods installation.\" >&2\n    exit 1\nfi\n# This output is used by Xcode 'outputs' to avoid re-running this script phase.\necho \"SUCCESS\" > \"${SCRIPT_OUTPUT_FILE_0}\"\n";
			showEnvVarsInLog = 0;
		};
		E0017D8EEE46097B72D55D62 /* [CP] Embed Pods Frameworks */ = {
			isa = PBXShellScriptBuildPhase;
			buildActionMask = 2147483647;
			files = (
			);
			inputFileListPaths = (
				"${PODS_ROOT}/Target Support Files/Pods-WeatherTask/Pods-WeatherTask-frameworks-${CONFIGURATION}-input-files.xcfilelist",
			);
			name = "[CP] Embed Pods Frameworks";
			outputFileListPaths = (
				"${PODS_ROOT}/Target Support Files/Pods-WeatherTask/Pods-WeatherTask-frameworks-${CONFIGURATION}-output-files.xcfilelist",
			);
			runOnlyForDeploymentPostprocessing = 0;
			shellPath = /bin/sh;
			shellScript = "\"${PODS_ROOT}/Target Support Files/Pods-WeatherTask/Pods-WeatherTask-frameworks.sh\"\n";
			showEnvVarsInLog = 0;
		};
/* End PBXShellScriptBuildPhase section */

/* Begin PBXSourcesBuildPhase section */
		5076B26D27CF629500635747 /* Sources */ = {
			isa = PBXSourcesBuildPhase;
			buildActionMask = 2147483647;
			files = (
				50A6AD3027D37E9900CC7B20 /* ForecastRequestable.swift in Sources */,
				50A6AD3827D3CB7900CC7B20 /* ErrorHandler.swift in Sources */,
				50FBDAF727D0C6F5008ABADD /* Formatter.swift in Sources */,
				50FBDAE927CFEF25008ABADD /* WeatherRequestable.swift in Sources */,
				50FBDAEC27D0A26E008ABADD /* Weather.swift in Sources */,
				50FBDAEE27D0AA96008ABADD /* UIViewController.swift in Sources */,
				5076B27927CF629500635747 /* WeatherVC.swift in Sources */,
				50FBDAF227D0AD6C008ABADD /* UIAlertController.swift in Sources */,
				5076B2C427CF67BC00635747 /* ReusableIdentifier.swift in Sources */,
				50FBDAA827CF76FD008ABADD /* JSONEncoder.swift in Sources */,
				50A6AD3227D39BB300CC7B20 /* Forecast.swift in Sources */,
				5076B2B427CF65B300635747 /* WeatherViewModel.swift in Sources */,
				50FBDA9D27CF7626008ABADD /* APIClient.swift in Sources */,
				50FBDAE627CFBF6E008ABADD /* Constants.swift in Sources */,
				5076B2BD27CF66DC00635747 /* ForecastCell.swift in Sources */,
				50FBDAA627CF76D7008ABADD /* DefaultError.swift in Sources */,
				5076B27527CF629500635747 /* AppDelegate.swift in Sources */,
				5076B2AE27CF64A400635747 /* Optional.swift in Sources */,
				5076B2B727CF660000635747 /* BaseVC.swift in Sources */,
				50FBDAA327CF767F008ABADD /* SharedLogger.swift in Sources */,
				50A6AD3627D3AC3100CC7B20 /* TemperatureConvertable.swift in Sources */,
				50FBDAF527D0C6C8008ABADD /* Date.swift in Sources */,
				50FBDA9A27CF7512008ABADD /* API.swift in Sources */,
				5076B2C127CF678800635747 /* UITableView.swift in Sources */,
				50FBDAF027D0ABE9008ABADD /* ImageProvider.swift in Sources */,
				50FBDAA027CF7652008ABADD /* BaseNetwork.swift in Sources */,
			);
			runOnlyForDeploymentPostprocessing = 0;
		};
		5076B28327CF629800635747 /* Sources */ = {
			isa = PBXSourcesBuildPhase;
			buildActionMask = 2147483647;
			files = (
				5076B28C27CF629800635747 /* WeatherTaskTests.swift in Sources */,
			);
			runOnlyForDeploymentPostprocessing = 0;
		};
		5076B28D27CF629900635747 /* Sources */ = {
			isa = PBXSourcesBuildPhase;
			buildActionMask = 2147483647;
			files = (
				5076B29827CF629900635747 /* WeatherTaskUITestsLaunchTests.swift in Sources */,
				5076B29627CF629900635747 /* WeatherTaskUITests.swift in Sources */,
			);
			runOnlyForDeploymentPostprocessing = 0;
		};
/* End PBXSourcesBuildPhase section */

/* Begin PBXTargetDependency section */
		5076B28927CF629800635747 /* PBXTargetDependency */ = {
			isa = PBXTargetDependency;
			target = 5076B27027CF629500635747 /* WeatherTask */;
			targetProxy = 5076B28827CF629800635747 /* PBXContainerItemProxy */;
		};
		5076B29327CF629900635747 /* PBXTargetDependency */ = {
			isa = PBXTargetDependency;
			target = 5076B27027CF629500635747 /* WeatherTask */;
			targetProxy = 5076B29227CF629900635747 /* PBXContainerItemProxy */;
		};
/* End PBXTargetDependency section */

/* Begin PBXVariantGroup section */
		5076B27A27CF629500635747 /* Main.storyboard */ = {
			isa = PBXVariantGroup;
			children = (
				5076B27B27CF629500635747 /* Base */,
			);
			name = Main.storyboard;
			sourceTree = "<group>";
		};
		5076B27F27CF629800635747 /* LaunchScreen.storyboard */ = {
			isa = PBXVariantGroup;
			children = (
				5076B28027CF629800635747 /* Base */,
			);
			name = LaunchScreen.storyboard;
			sourceTree = "<group>";
		};
/* End PBXVariantGroup section */

/* Begin XCBuildConfiguration section */
		5076B29927CF629900635747 /* Debug */ = {
			isa = XCBuildConfiguration;
			buildSettings = {
				ALWAYS_SEARCH_USER_PATHS = NO;
				CLANG_ANALYZER_NONNULL = YES;
				CLANG_ANALYZER_NUMBER_OBJECT_CONVERSION = YES_AGGRESSIVE;
				CLANG_CXX_LANGUAGE_STANDARD = "gnu++17";
				CLANG_CXX_LIBRARY = "libc++";
				CLANG_ENABLE_MODULES = YES;
				CLANG_ENABLE_OBJC_ARC = YES;
				CLANG_ENABLE_OBJC_WEAK = YES;
				CLANG_WARN_BLOCK_CAPTURE_AUTORELEASING = YES;
				CLANG_WARN_BOOL_CONVERSION = YES;
				CLANG_WARN_COMMA = YES;
				CLANG_WARN_CONSTANT_CONVERSION = YES;
				CLANG_WARN_DEPRECATED_OBJC_IMPLEMENTATIONS = YES;
				CLANG_WARN_DIRECT_OBJC_ISA_USAGE = YES_ERROR;
				CLANG_WARN_DOCUMENTATION_COMMENTS = YES;
				CLANG_WARN_EMPTY_BODY = YES;
				CLANG_WARN_ENUM_CONVERSION = YES;
				CLANG_WARN_INFINITE_RECURSION = YES;
				CLANG_WARN_INT_CONVERSION = YES;
				CLANG_WARN_NON_LITERAL_NULL_CONVERSION = YES;
				CLANG_WARN_OBJC_IMPLICIT_RETAIN_SELF = YES;
				CLANG_WARN_OBJC_LITERAL_CONVERSION = YES;
				CLANG_WARN_OBJC_ROOT_CLASS = YES_ERROR;
				CLANG_WARN_QUOTED_INCLUDE_IN_FRAMEWORK_HEADER = YES;
				CLANG_WARN_RANGE_LOOP_ANALYSIS = YES;
				CLANG_WARN_STRICT_PROTOTYPES = YES;
				CLANG_WARN_SUSPICIOUS_MOVE = YES;
				CLANG_WARN_UNGUARDED_AVAILABILITY = YES_AGGRESSIVE;
				CLANG_WARN_UNREACHABLE_CODE = YES;
				CLANG_WARN__DUPLICATE_METHOD_MATCH = YES;
				COPY_PHASE_STRIP = NO;
				DEBUG_INFORMATION_FORMAT = dwarf;
				ENABLE_STRICT_OBJC_MSGSEND = YES;
				ENABLE_TESTABILITY = YES;
				GCC_C_LANGUAGE_STANDARD = gnu11;
				GCC_DYNAMIC_NO_PIC = NO;
				GCC_NO_COMMON_BLOCKS = YES;
				GCC_OPTIMIZATION_LEVEL = 0;
				GCC_PREPROCESSOR_DEFINITIONS = (
					"DEBUG=1",
					"$(inherited)",
				);
				GCC_WARN_64_TO_32_BIT_CONVERSION = YES;
				GCC_WARN_ABOUT_RETURN_TYPE = YES_ERROR;
				GCC_WARN_UNDECLARED_SELECTOR = YES;
				GCC_WARN_UNINITIALIZED_AUTOS = YES_AGGRESSIVE;
				GCC_WARN_UNUSED_FUNCTION = YES;
				GCC_WARN_UNUSED_VARIABLE = YES;
				IPHONEOS_DEPLOYMENT_TARGET = 15.0;
				MTL_ENABLE_DEBUG_INFO = INCLUDE_SOURCE;
				MTL_FAST_MATH = YES;
				ONLY_ACTIVE_ARCH = YES;
				SDKROOT = iphoneos;
				SWIFT_ACTIVE_COMPILATION_CONDITIONS = DEBUG;
				SWIFT_OPTIMIZATION_LEVEL = "-Onone";
			};
			name = Debug;
		};
		5076B29A27CF629900635747 /* Release */ = {
			isa = XCBuildConfiguration;
			buildSettings = {
				ALWAYS_SEARCH_USER_PATHS = NO;
				CLANG_ANALYZER_NONNULL = YES;
				CLANG_ANALYZER_NUMBER_OBJECT_CONVERSION = YES_AGGRESSIVE;
				CLANG_CXX_LANGUAGE_STANDARD = "gnu++17";
				CLANG_CXX_LIBRARY = "libc++";
				CLANG_ENABLE_MODULES = YES;
				CLANG_ENABLE_OBJC_ARC = YES;
				CLANG_ENABLE_OBJC_WEAK = YES;
				CLANG_WARN_BLOCK_CAPTURE_AUTORELEASING = YES;
				CLANG_WARN_BOOL_CONVERSION = YES;
				CLANG_WARN_COMMA = YES;
				CLANG_WARN_CONSTANT_CONVERSION = YES;
				CLANG_WARN_DEPRECATED_OBJC_IMPLEMENTATIONS = YES;
				CLANG_WARN_DIRECT_OBJC_ISA_USAGE = YES_ERROR;
				CLANG_WARN_DOCUMENTATION_COMMENTS = YES;
				CLANG_WARN_EMPTY_BODY = YES;
				CLANG_WARN_ENUM_CONVERSION = YES;
				CLANG_WARN_INFINITE_RECURSION = YES;
				CLANG_WARN_INT_CONVERSION = YES;
				CLANG_WARN_NON_LITERAL_NULL_CONVERSION = YES;
				CLANG_WARN_OBJC_IMPLICIT_RETAIN_SELF = YES;
				CLANG_WARN_OBJC_LITERAL_CONVERSION = YES;
				CLANG_WARN_OBJC_ROOT_CLASS = YES_ERROR;
				CLANG_WARN_QUOTED_INCLUDE_IN_FRAMEWORK_HEADER = YES;
				CLANG_WARN_RANGE_LOOP_ANALYSIS = YES;
				CLANG_WARN_STRICT_PROTOTYPES = YES;
				CLANG_WARN_SUSPICIOUS_MOVE = YES;
				CLANG_WARN_UNGUARDED_AVAILABILITY = YES_AGGRESSIVE;
				CLANG_WARN_UNREACHABLE_CODE = YES;
				CLANG_WARN__DUPLICATE_METHOD_MATCH = YES;
				COPY_PHASE_STRIP = NO;
				DEBUG_INFORMATION_FORMAT = "dwarf-with-dsym";
				ENABLE_NS_ASSERTIONS = NO;
				ENABLE_STRICT_OBJC_MSGSEND = YES;
				GCC_C_LANGUAGE_STANDARD = gnu11;
				GCC_NO_COMMON_BLOCKS = YES;
				GCC_WARN_64_TO_32_BIT_CONVERSION = YES;
				GCC_WARN_ABOUT_RETURN_TYPE = YES_ERROR;
				GCC_WARN_UNDECLARED_SELECTOR = YES;
				GCC_WARN_UNINITIALIZED_AUTOS = YES_AGGRESSIVE;
				GCC_WARN_UNUSED_FUNCTION = YES;
				GCC_WARN_UNUSED_VARIABLE = YES;
				IPHONEOS_DEPLOYMENT_TARGET = 15.0;
				MTL_ENABLE_DEBUG_INFO = NO;
				MTL_FAST_MATH = YES;
				SDKROOT = iphoneos;
				SWIFT_COMPILATION_MODE = wholemodule;
				SWIFT_OPTIMIZATION_LEVEL = "-O";
				VALIDATE_PRODUCT = YES;
			};
			name = Release;
		};
		5076B29C27CF629900635747 /* Debug */ = {
			isa = XCBuildConfiguration;
			baseConfigurationReference = 0700D927E1E8976FC26D7754 /* Pods-WeatherTask.debug.xcconfig */;
			buildSettings = {
				ASSETCATALOG_COMPILER_APPICON_NAME = AppIcon;
				ASSETCATALOG_COMPILER_GLOBAL_ACCENT_COLOR_NAME = AccentColor;
				CODE_SIGN_STYLE = Automatic;
				CURRENT_PROJECT_VERSION = 1;
				GENERATE_INFOPLIST_FILE = YES;
				INFOPLIST_FILE = WeatherTask/Info.plist;
				INFOPLIST_KEY_UIApplicationSupportsIndirectInputEvents = YES;
				INFOPLIST_KEY_UILaunchStoryboardName = LaunchScreen;
				INFOPLIST_KEY_UIMainStoryboardFile = Main;
				INFOPLIST_KEY_UISupportedInterfaceOrientations_iPad = "UIInterfaceOrientationPortrait UIInterfaceOrientationPortraitUpsideDown UIInterfaceOrientationLandscapeLeft UIInterfaceOrientationLandscapeRight";
				INFOPLIST_KEY_UISupportedInterfaceOrientations_iPhone = "UIInterfaceOrientationPortrait UIInterfaceOrientationLandscapeLeft UIInterfaceOrientationLandscapeRight";
				LD_RUNPATH_SEARCH_PATHS = (
					"$(inherited)",
					"@executable_path/Frameworks",
				);
				MARKETING_VERSION = 1.0;
				PRODUCT_BUNDLE_IDENTIFIER = com.usama.WeatherTask;
				PRODUCT_NAME = "$(TARGET_NAME)";
				SWIFT_EMIT_LOC_STRINGS = YES;
				SWIFT_VERSION = 5.0;
				TARGETED_DEVICE_FAMILY = "1,2";
			};
			name = Debug;
		};
		5076B29D27CF629900635747 /* Release */ = {
			isa = XCBuildConfiguration;
			baseConfigurationReference = 24C4D9BD944EA364EDDAA3CE /* Pods-WeatherTask.release.xcconfig */;
			buildSettings = {
				ASSETCATALOG_COMPILER_APPICON_NAME = AppIcon;
				ASSETCATALOG_COMPILER_GLOBAL_ACCENT_COLOR_NAME = AccentColor;
				CODE_SIGN_STYLE = Automatic;
				CURRENT_PROJECT_VERSION = 1;
				GENERATE_INFOPLIST_FILE = YES;
				INFOPLIST_FILE = WeatherTask/Info.plist;
				INFOPLIST_KEY_UIApplicationSupportsIndirectInputEvents = YES;
				INFOPLIST_KEY_UILaunchStoryboardName = LaunchScreen;
				INFOPLIST_KEY_UIMainStoryboardFile = Main;
				INFOPLIST_KEY_UISupportedInterfaceOrientations_iPad = "UIInterfaceOrientationPortrait UIInterfaceOrientationPortraitUpsideDown UIInterfaceOrientationLandscapeLeft UIInterfaceOrientationLandscapeRight";
				INFOPLIST_KEY_UISupportedInterfaceOrientations_iPhone = "UIInterfaceOrientationPortrait UIInterfaceOrientationLandscapeLeft UIInterfaceOrientationLandscapeRight";
				LD_RUNPATH_SEARCH_PATHS = (
					"$(inherited)",
					"@executable_path/Frameworks",
				);
				MARKETING_VERSION = 1.0;
				PRODUCT_BUNDLE_IDENTIFIER = com.usama.WeatherTask;
				PRODUCT_NAME = "$(TARGET_NAME)";
				SWIFT_EMIT_LOC_STRINGS = YES;
				SWIFT_VERSION = 5.0;
				TARGETED_DEVICE_FAMILY = "1,2";
			};
			name = Release;
		};
		5076B29F27CF629900635747 /* Debug */ = {
			isa = XCBuildConfiguration;
			baseConfigurationReference = E1B70BFFFEDF7212D5794634 /* Pods-WeatherTaskTests.debug.xcconfig */;
			buildSettings = {
				ALWAYS_EMBED_SWIFT_STANDARD_LIBRARIES = YES;
				BUNDLE_LOADER = "$(TEST_HOST)";
				CODE_SIGN_STYLE = Automatic;
				CURRENT_PROJECT_VERSION = 1;
				GENERATE_INFOPLIST_FILE = YES;
				IPHONEOS_DEPLOYMENT_TARGET = 15.0;
				LD_RUNPATH_SEARCH_PATHS = (
					"$(inherited)",
					"@executable_path/Frameworks",
					"@loader_path/Frameworks",
				);
				MARKETING_VERSION = 1.0;
				PRODUCT_BUNDLE_IDENTIFIER = com.usama.WeatherTaskTests;
				PRODUCT_NAME = "$(TARGET_NAME)";
				SWIFT_EMIT_LOC_STRINGS = NO;
				SWIFT_VERSION = 5.0;
				TARGETED_DEVICE_FAMILY = "1,2";
				TEST_HOST = "$(BUILT_PRODUCTS_DIR)/WeatherTask.app/WeatherTask";
			};
			name = Debug;
		};
		5076B2A027CF629900635747 /* Release */ = {
			isa = XCBuildConfiguration;
			baseConfigurationReference = 32A0F225BA7F6405D09B3537 /* Pods-WeatherTaskTests.release.xcconfig */;
			buildSettings = {
				ALWAYS_EMBED_SWIFT_STANDARD_LIBRARIES = YES;
				BUNDLE_LOADER = "$(TEST_HOST)";
				CODE_SIGN_STYLE = Automatic;
				CURRENT_PROJECT_VERSION = 1;
				GENERATE_INFOPLIST_FILE = YES;
				IPHONEOS_DEPLOYMENT_TARGET = 15.0;
				LD_RUNPATH_SEARCH_PATHS = (
					"$(inherited)",
					"@executable_path/Frameworks",
					"@loader_path/Frameworks",
				);
				MARKETING_VERSION = 1.0;
				PRODUCT_BUNDLE_IDENTIFIER = com.usama.WeatherTaskTests;
				PRODUCT_NAME = "$(TARGET_NAME)";
				SWIFT_EMIT_LOC_STRINGS = NO;
				SWIFT_VERSION = 5.0;
				TARGETED_DEVICE_FAMILY = "1,2";
				TEST_HOST = "$(BUILT_PRODUCTS_DIR)/WeatherTask.app/WeatherTask";
			};
			name = Release;
		};
		5076B2A227CF629900635747 /* Debug */ = {
			isa = XCBuildConfiguration;
			baseConfigurationReference = C6E21253F33638BDCDBD5FD5 /* Pods-WeatherTask-WeatherTaskUITests.debug.xcconfig */;
			buildSettings = {
				ALWAYS_EMBED_SWIFT_STANDARD_LIBRARIES = YES;
				CODE_SIGN_STYLE = Automatic;
				CURRENT_PROJECT_VERSION = 1;
				GENERATE_INFOPLIST_FILE = YES;
				LD_RUNPATH_SEARCH_PATHS = (
					"$(inherited)",
					"@executable_path/Frameworks",
					"@loader_path/Frameworks",
				);
				MARKETING_VERSION = 1.0;
				PRODUCT_BUNDLE_IDENTIFIER = com.usama.WeatherTaskUITests;
				PRODUCT_NAME = "$(TARGET_NAME)";
				SWIFT_EMIT_LOC_STRINGS = NO;
				SWIFT_VERSION = 5.0;
				TARGETED_DEVICE_FAMILY = "1,2";
				TEST_TARGET_NAME = WeatherTask;
			};
			name = Debug;
		};
		5076B2A327CF629900635747 /* Release */ = {
			isa = XCBuildConfiguration;
			baseConfigurationReference = 590835906A7596838B530211 /* Pods-WeatherTask-WeatherTaskUITests.release.xcconfig */;
			buildSettings = {
				ALWAYS_EMBED_SWIFT_STANDARD_LIBRARIES = YES;
				CODE_SIGN_STYLE = Automatic;
				CURRENT_PROJECT_VERSION = 1;
				GENERATE_INFOPLIST_FILE = YES;
				LD_RUNPATH_SEARCH_PATHS = (
					"$(inherited)",
					"@executable_path/Frameworks",
					"@loader_path/Frameworks",
				);
				MARKETING_VERSION = 1.0;
				PRODUCT_BUNDLE_IDENTIFIER = com.usama.WeatherTaskUITests;
				PRODUCT_NAME = "$(TARGET_NAME)";
				SWIFT_EMIT_LOC_STRINGS = NO;
				SWIFT_VERSION = 5.0;
				TARGETED_DEVICE_FAMILY = "1,2";
				TEST_TARGET_NAME = WeatherTask;
			};
			name = Release;
		};
/* End XCBuildConfiguration section */

/* Begin XCConfigurationList section */
		5076B26C27CF629500635747 /* Build configuration list for PBXProject "WeatherTask" */ = {
			isa = XCConfigurationList;
			buildConfigurations = (
				5076B29927CF629900635747 /* Debug */,
				5076B29A27CF629900635747 /* Release */,
			);
			defaultConfigurationIsVisible = 0;
			defaultConfigurationName = Release;
		};
		5076B29B27CF629900635747 /* Build configuration list for PBXNativeTarget "WeatherTask" */ = {
			isa = XCConfigurationList;
			buildConfigurations = (
				5076B29C27CF629900635747 /* Debug */,
				5076B29D27CF629900635747 /* Release */,
			);
			defaultConfigurationIsVisible = 0;
			defaultConfigurationName = Release;
		};
		5076B29E27CF629900635747 /* Build configuration list for PBXNativeTarget "WeatherTaskTests" */ = {
			isa = XCConfigurationList;
			buildConfigurations = (
				5076B29F27CF629900635747 /* Debug */,
				5076B2A027CF629900635747 /* Release */,
			);
			defaultConfigurationIsVisible = 0;
			defaultConfigurationName = Release;
		};
		5076B2A127CF629900635747 /* Build configuration list for PBXNativeTarget "WeatherTaskUITests" */ = {
			isa = XCConfigurationList;
			buildConfigurations = (
				5076B2A227CF629900635747 /* Debug */,
				5076B2A327CF629900635747 /* Release */,
			);
			defaultConfigurationIsVisible = 0;
			defaultConfigurationName = Release;
		};
/* End XCConfigurationList section */
	};
	rootObject = 5076B26927CF629500635747 /* Project object */;
}
